
Microsoft Visual Studio Solution File, Format Version 12.00
# Visual Studio Version 16
VisualStudioVersion = 16.0.31005.135
MinimumVisualStudioVersion = 10.0.40219.1
Project("{FAE04EC0-301F-11D3-BF4B-00C04F79EFBC}") = "Protectora", "Protectora\Protectora.csproj", "{B7524AFF-DEEE-4FC5-B173-35B6BCE3F572}"
EndProject
Global
	GlobalSection(SolutionConfigurationPlatforms) = preSolution
		Debug|Any CPU = Debug|Any CPU
		Release|Any CPU = Release|Any CPU
	EndGlobalSection
	GlobalSection(ProjectConfigurationPlatforms) = postSolution
		{B7524AFF-DEEE-4FC5-B173-35B6BCE3F572}.Debug|Any CPU.ActiveCfg = Debug|Any CPU
		{B7524AFF-DEEE-4FC5-B173-35B6BCE3F572}.Debug|Any CPU.Build.0 = Debug|Any CPU
		{B7524AFF-DEEE-4FC5-B173-35B6BCE3F572}.Release|Any CPU.ActiveCfg = Release|Any CPU
		{B7524AFF-DEEE-4FC5-B173-35B6BCE3F572}.Release|Any CPU.Build.0 = Release|Any CPU
	EndGlobalSection
	GlobalSection(SolutionProperties) = preSolution
		HideSolutionNode = FALSE
	EndGlobalSection
	GlobalSection(ExtensibilityGlobals) = postSolution
		SolutionGuid = {C69060C7-9283-4B5F-9AC0-90CB78552DF7}
	EndGlobalSection
EndGlobal
